
Microsoft Visual Studio Solution File, Format Version 12.00
# Visual Studio Version 17
VisualStudioVersion = 17.5.33516.290
MinimumVisualStudioVersion = 10.0.40219.1
Project("{FAE04EC0-301F-11D3-BF4B-00C04F79EFBC}") = "sweb", "sweb.csproj", "{322A3CEF-7797-428A-82A5-C5DAB5CF168A}"
EndProject
Global
	GlobalSection(SolutionConfigurationPlatforms) = preSolution
		Debug|Any CPU = Debug|Any CPU
		Release|Any CPU = Release|Any CPU
	EndGlobalSection
	GlobalSection(ProjectConfigurationPlatforms) = postSolution
		{322A3CEF-7797-428A-82A5-C5DAB5CF168A}.Debug|Any CPU.ActiveCfg = Debug|Any CPU
		{322A3CEF-7797-428A-82A5-C5DAB5CF168A}.Debug|Any CPU.Build.0 = Debug|Any CPU
		{322A3CEF-7797-428A-82A5-C5DAB5CF168A}.Release|Any CPU.ActiveCfg = Release|Any CPU
		{322A3CEF-7797-428A-82A5-C5DAB5CF168A}.Release|Any CPU.Build.0 = Release|Any CPU
	EndGlobalSection
	GlobalSection(SolutionProperties) = preSolution
		HideSolutionNode = FALSE
	EndGlobalSection
	GlobalSection(ExtensibilityGlobals) = postSolution
		SolutionGuid = {BE096B89-4A0D-48B3-8C36-7BC4FC047575}
	EndGlobalSection
EndGlobal
